
Microsoft Visual Studio Solution File, Format Version 12.00
# Visual Studio 15
VisualStudioVersion = 15.0.27004.2010
MinimumVisualStudioVersion = 10.0.40219.1
Project("{FAE04EC0-301F-11D3-BF4B-00C04F79EFBC}") = "LykkeClient", "LykkeClient\LykkeClient.csproj", "{8DDC4E2C-5F9A-4A0C-92CC-239C021CEDDF}"
EndProject
Project("{FAE04EC0-301F-11D3-BF4B-00C04F79EFBC}") = "LykkeClient.Example", "LykkeClient.Example\LykkeClient.Example.csproj", "{DA55DFC8-2CEC-4E53-8C92-4A0A928B4D31}"
EndProject
Global
	GlobalSection(SolutionConfigurationPlatforms) = preSolution
		Debug|Any CPU = Debug|Any CPU
		Release|Any CPU = Release|Any CPU
	EndGlobalSection
	GlobalSection(ProjectConfigurationPlatforms) = postSolution
		{8DDC4E2C-5F9A-4A0C-92CC-239C021CEDDF}.Debug|Any CPU.ActiveCfg = Debug|Any CPU
		{8DDC4E2C-5F9A-4A0C-92CC-239C021CEDDF}.Debug|Any CPU.Build.0 = Debug|Any CPU
		{8DDC4E2C-5F9A-4A0C-92CC-239C021CEDDF}.Release|Any CPU.ActiveCfg = Release|Any CPU
		{8DDC4E2C-5F9A-4A0C-92CC-239C021CEDDF}.Release|Any CPU.Build.0 = Release|Any CPU
		{DA55DFC8-2CEC-4E53-8C92-4A0A928B4D31}.Debug|Any CPU.ActiveCfg = Debug|Any CPU
		{DA55DFC8-2CEC-4E53-8C92-4A0A928B4D31}.Debug|Any CPU.Build.0 = Debug|Any CPU
		{DA55DFC8-2CEC-4E53-8C92-4A0A928B4D31}.Release|Any CPU.ActiveCfg = Release|Any CPU
		{DA55DFC8-2CEC-4E53-8C92-4A0A928B4D31}.Release|Any CPU.Build.0 = Release|Any CPU
	EndGlobalSection
	GlobalSection(SolutionProperties) = preSolution
		HideSolutionNode = FALSE
	EndGlobalSection
	GlobalSection(ExtensibilityGlobals) = postSolution
		SolutionGuid = {D97ED84B-8797-4890-A004-401970A0EE0A}
	EndGlobalSection
EndGlobal
